
Microsoft Visual Studio Solution File, Format Version 12.00
# Visual Studio Version 17
VisualStudioVersion = 17.13.35931.197 d17.13
MinimumVisualStudioVersion = 10.0.40219.1
Project("{FAE04EC0-301F-11D3-BF4B-00C04F79EFBC}") = "RecochApp.API", "RecochApp.API\RecochApp.API.csproj", "{D7492FCC-450C-ED91-A3E1-2A7848C68812}"
EndProject
Project("{FAE04EC0-301F-11D3-BF4B-00C04F79EFBC}") = "RecochApp.Core", "RecochApp.Core\RecochApp.Core.csproj", "{3FA63B8C-F638-7837-1C80-48614A783431}"
EndProject
Project("{FAE04EC0-301F-11D3-BF4B-00C04F79EFBC}") = "RecochApp.Infrastructure", "RecochApp.Infrastructure\RecochApp.Infrastructure.csproj", "{856FD103-5AF3-70A5-62AD-A8001C3E0133}"
EndProject
Global
	GlobalSection(SolutionConfigurationPlatforms) = preSolution
		Debug|Any CPU = Debug|Any CPU
		Release|Any CPU = Release|Any CPU
	EndGlobalSection
	GlobalSection(ProjectConfigurationPlatforms) = postSolution
		{D7492FCC-450C-ED91-A3E1-2A7848C68812}.Debug|Any CPU.ActiveCfg = Debug|Any CPU
		{D7492FCC-450C-ED91-A3E1-2A7848C68812}.Debug|Any CPU.Build.0 = Debug|Any CPU
		{D7492FCC-450C-ED91-A3E1-2A7848C68812}.Release|Any CPU.ActiveCfg = Release|Any CPU
		{D7492FCC-450C-ED91-A3E1-2A7848C68812}.Release|Any CPU.Build.0 = Release|Any CPU
		{3FA63B8C-F638-7837-1C80-48614A783431}.Debug|Any CPU.ActiveCfg = Debug|Any CPU
		{3FA63B8C-F638-7837-1C80-48614A783431}.Debug|Any CPU.Build.0 = Debug|Any CPU
		{3FA63B8C-F638-7837-1C80-48614A783431}.Release|Any CPU.ActiveCfg = Release|Any CPU
		{3FA63B8C-F638-7837-1C80-48614A783431}.Release|Any CPU.Build.0 = Release|Any CPU
		{856FD103-5AF3-70A5-62AD-A8001C3E0133}.Debug|Any CPU.ActiveCfg = Debug|Any CPU
		{856FD103-5AF3-70A5-62AD-A8001C3E0133}.Debug|Any CPU.Build.0 = Debug|Any CPU
		{856FD103-5AF3-70A5-62AD-A8001C3E0133}.Release|Any CPU.ActiveCfg = Release|Any CPU
		{856FD103-5AF3-70A5-62AD-A8001C3E0133}.Release|Any CPU.Build.0 = Release|Any CPU
	EndGlobalSection
	GlobalSection(SolutionProperties) = preSolution
		HideSolutionNode = FALSE
	EndGlobalSection
	GlobalSection(ExtensibilityGlobals) = postSolution
		SolutionGuid = {5A177A1F-9E49-4FE5-9ABA-F28362380E4F}
	EndGlobalSection
EndGlobal
